// !$*UTF8*$!
{
	archiveVersion = 1;
	classes = {
	};
	objectVersion = 50;
	objects = {

/* Begin PBXAggregateTarget section */
		AC594D5E2271D7BB00801E63 /* PInBoardFramework */ = {
			isa = PBXAggregateTarget;
			buildConfigurationList = AC594D5F2271D7BC00801E63 /* Build configuration list for PBXAggregateTarget "PInBoardFramework" */;
			buildPhases = (
				AC594D622271D7C400801E63 /* ShellScript */,
			);
			dependencies = (
			);
			name = PInBoardFramework;
			productName = PInBoardFramework;
		};
/* End PBXAggregateTarget section */

/* Begin PBXBuildFile section */
		408BB3DBB4396E70722C1F84 /* Pods_PinboardManagerTests.framework in Frameworks */ = {isa = PBXBuildFile; fileRef = A03917A6E8CF8065B7CC539A /* Pods_PinboardManagerTests.framework */; };
		6FBBF6A7226F62C7007DAB11 /* PinboardManager.framework in Frameworks */ = {isa = PBXBuildFile; fileRef = 6FBBF69D226F62C7007DAB11 /* PinboardManager.framework */; };
		6FBBF6AC226F62C7007DAB11 /* PinboardManagerTests.swift in Sources */ = {isa = PBXBuildFile; fileRef = 6FBBF6AB226F62C7007DAB11 /* PinboardManagerTests.swift */; };
		6FBBF6AE226F62C7007DAB11 /* PinboardManager.h in Headers */ = {isa = PBXBuildFile; fileRef = 6FBBF6A0226F62C7007DAB11 /* PinboardManager.h */; settings = {ATTRIBUTES = (Public, ); }; };
		6FBBF6B9226F66AA007DAB11 /* Categories.swift in Sources */ = {isa = PBXBuildFile; fileRef = 6FBBF6B8226F66AA007DAB11 /* Categories.swift */; };
		6FBBF6BA226F66AA007DAB11 /* Categories.swift in Sources */ = {isa = PBXBuildFile; fileRef = 6FBBF6B8226F66AA007DAB11 /* Categories.swift */; };
		6FBBF6BC226F8450007DAB11 /* Links.swift in Sources */ = {isa = PBXBuildFile; fileRef = 6FBBF6BB226F8450007DAB11 /* Links.swift */; };
		6FBBF6BE226F8EB9007DAB11 /* Pin.swift in Sources */ = {isa = PBXBuildFile; fileRef = 6FBBF6BD226F8EB9007DAB11 /* Pin.swift */; };
		6FBBF6BF226F8EB9007DAB11 /* Pin.swift in Sources */ = {isa = PBXBuildFile; fileRef = 6FBBF6BD226F8EB9007DAB11 /* Pin.swift */; };
		6FBBF6C0226F8EBE007DAB11 /* Links.swift in Sources */ = {isa = PBXBuildFile; fileRef = 6FBBF6BB226F8450007DAB11 /* Links.swift */; };
		6FBBF6C2226F8EF9007DAB11 /* ProfileImage.swift in Sources */ = {isa = PBXBuildFile; fileRef = 6FBBF6C1226F8EF9007DAB11 /* ProfileImage.swift */; };
		6FBBF6C3226F8EF9007DAB11 /* ProfileImage.swift in Sources */ = {isa = PBXBuildFile; fileRef = 6FBBF6C1226F8EF9007DAB11 /* ProfileImage.swift */; };
		6FBBF6C5226F9BEA007DAB11 /* Urls.swift in Sources */ = {isa = PBXBuildFile; fileRef = 6FBBF6C4226F9BEA007DAB11 /* Urls.swift */; };
		6FBBF6C6226F9BEA007DAB11 /* Urls.swift in Sources */ = {isa = PBXBuildFile; fileRef = 6FBBF6C4226F9BEA007DAB11 /* Urls.swift */; };
		6FBBF6C8226FA48A007DAB11 /* User.swift in Sources */ = {isa = PBXBuildFile; fileRef = 6FBBF6C7226FA48A007DAB11 /* User.swift */; };
		6FBBF6C9226FA48A007DAB11 /* User.swift in Sources */ = {isa = PBXBuildFile; fileRef = 6FBBF6C7226FA48A007DAB11 /* User.swift */; };
		6FBBF6CC2270DB69007DAB11 /* DownloadManager.swift in Sources */ = {isa = PBXBuildFile; fileRef = 6FBBF6CB2270DB69007DAB11 /* DownloadManager.swift */; };
		6FBBF6CD2270DB69007DAB11 /* DownloadManager.swift in Sources */ = {isa = PBXBuildFile; fileRef = 6FBBF6CB2270DB69007DAB11 /* DownloadManager.swift */; };
		6FBBF6CF2270E6E1007DAB11 /* CacheManager.swift in Sources */ = {isa = PBXBuildFile; fileRef = 6FBBF6CE2270E6E1007DAB11 /* CacheManager.swift */; };
		6FBBF6D02270E6E1007DAB11 /* CacheManager.swift in Sources */ = {isa = PBXBuildFile; fileRef = 6FBBF6CE2270E6E1007DAB11 /* CacheManager.swift */; };
		830F785668F9E0C592623EE1 /* Pods_PinboardManager.framework in Frameworks */ = {isa = PBXBuildFile; fileRef = 84B006EB89BA8A46ECFA719E /* Pods_PinboardManager.framework */; };
		AC594D572271CDC500801E63 /* PinsViewModel.swift in Sources */ = {isa = PBXBuildFile; fileRef = AC594D562271CDC500801E63 /* PinsViewModel.swift */; };
		AC594D582271CDC500801E63 /* PinsViewModel.swift in Sources */ = {isa = PBXBuildFile; fileRef = AC594D562271CDC500801E63 /* PinsViewModel.swift */; };
/* End PBXBuildFile section */

/* Begin PBXContainerItemProxy section */
		6FBBF6A8226F62C7007DAB11 /* PBXContainerItemProxy */ = {
			isa = PBXContainerItemProxy;
			containerPortal = 6FBBF694226F62C7007DAB11 /* Project object */;
			proxyType = 1;
			remoteGlobalIDString = 6FBBF69C226F62C7007DAB11;
			remoteInfo = PinboardManager;
		};
/* End PBXContainerItemProxy section */

/* Begin PBXFileReference section */
		2CEEF75582816D12CD17644C /* Pods-PinboardManager.debug.xcconfig */ = {isa = PBXFileReference; includeInIndex = 1; lastKnownFileType = text.xcconfig; name = "Pods-PinboardManager.debug.xcconfig"; path = "Target Support Files/Pods-PinboardManager/Pods-PinboardManager.debug.xcconfig"; sourceTree = "<group>"; };
		369DD353F751F1B9ED2701C5 /* Pods-PinboardManager.release.xcconfig */ = {isa = PBXFileReference; includeInIndex = 1; lastKnownFileType = text.xcconfig; name = "Pods-PinboardManager.release.xcconfig"; path = "Target Support Files/Pods-PinboardManager/Pods-PinboardManager.release.xcconfig"; sourceTree = "<group>"; };
		6FBBF69D226F62C7007DAB11 /* PinboardManager.framework */ = {isa = PBXFileReference; explicitFileType = wrapper.framework; includeInIndex = 0; path = PinboardManager.framework; sourceTree = BUILT_PRODUCTS_DIR; };
		6FBBF6A0226F62C7007DAB11 /* PinboardManager.h */ = {isa = PBXFileReference; lastKnownFileType = sourcecode.c.h; path = PinboardManager.h; sourceTree = "<group>"; };
		6FBBF6A1226F62C7007DAB11 /* Info.plist */ = {isa = PBXFileReference; lastKnownFileType = text.plist.xml; path = Info.plist; sourceTree = "<group>"; };
		6FBBF6A6226F62C7007DAB11 /* PinboardManagerTests.xctest */ = {isa = PBXFileReference; explicitFileType = wrapper.cfbundle; includeInIndex = 0; path = PinboardManagerTests.xctest; sourceTree = BUILT_PRODUCTS_DIR; };
		6FBBF6AB226F62C7007DAB11 /* PinboardManagerTests.swift */ = {isa = PBXFileReference; lastKnownFileType = sourcecode.swift; path = PinboardManagerTests.swift; sourceTree = "<group>"; };
		6FBBF6AD226F62C7007DAB11 /* Info.plist */ = {isa = PBXFileReference; lastKnownFileType = text.plist.xml; path = Info.plist; sourceTree = "<group>"; };
		6FBBF6B8226F66AA007DAB11 /* Categories.swift */ = {isa = PBXFileReference; lastKnownFileType = sourcecode.swift; path = Categories.swift; sourceTree = "<group>"; };
		6FBBF6BB226F8450007DAB11 /* Links.swift */ = {isa = PBXFileReference; lastKnownFileType = sourcecode.swift; path = Links.swift; sourceTree = "<group>"; };
		6FBBF6BD226F8EB9007DAB11 /* Pin.swift */ = {isa = PBXFileReference; lastKnownFileType = sourcecode.swift; path = Pin.swift; sourceTree = "<group>"; };
		6FBBF6C1226F8EF9007DAB11 /* ProfileImage.swift */ = {isa = PBXFileReference; lastKnownFileType = sourcecode.swift; path = ProfileImage.swift; sourceTree = "<group>"; };
		6FBBF6C4226F9BEA007DAB11 /* Urls.swift */ = {isa = PBXFileReference; lastKnownFileType = sourcecode.swift; path = Urls.swift; sourceTree = "<group>"; };
		6FBBF6C7226FA48A007DAB11 /* User.swift */ = {isa = PBXFileReference; lastKnownFileType = sourcecode.swift; path = User.swift; sourceTree = "<group>"; };
		6FBBF6CB2270DB69007DAB11 /* DownloadManager.swift */ = {isa = PBXFileReference; lastKnownFileType = sourcecode.swift; path = DownloadManager.swift; sourceTree = "<group>"; };
		6FBBF6CE2270E6E1007DAB11 /* CacheManager.swift */ = {isa = PBXFileReference; lastKnownFileType = sourcecode.swift; path = CacheManager.swift; sourceTree = "<group>"; };
		84B006EB89BA8A46ECFA719E /* Pods_PinboardManager.framework */ = {isa = PBXFileReference; explicitFileType = wrapper.framework; includeInIndex = 0; path = Pods_PinboardManager.framework; sourceTree = BUILT_PRODUCTS_DIR; };
		A03917A6E8CF8065B7CC539A /* Pods_PinboardManagerTests.framework */ = {isa = PBXFileReference; explicitFileType = wrapper.framework; includeInIndex = 0; path = Pods_PinboardManagerTests.framework; sourceTree = BUILT_PRODUCTS_DIR; };
		AC594D562271CDC500801E63 /* PinsViewModel.swift */ = {isa = PBXFileReference; lastKnownFileType = sourcecode.swift; path = PinsViewModel.swift; sourceTree = "<group>"; };
		F20EDF90E243194FF5333090 /* Pods-PinboardManagerTests.release.xcconfig */ = {isa = PBXFileReference; includeInIndex = 1; lastKnownFileType = text.xcconfig; name = "Pods-PinboardManagerTests.release.xcconfig"; path = "Target Support Files/Pods-PinboardManagerTests/Pods-PinboardManagerTests.release.xcconfig"; sourceTree = "<group>"; };
		F4A4F744A0A6EDFF2DC1B8BC /* Pods-PinboardManagerTests.debug.xcconfig */ = {isa = PBXFileReference; includeInIndex = 1; lastKnownFileType = text.xcconfig; name = "Pods-PinboardManagerTests.debug.xcconfig"; path = "Target Support Files/Pods-PinboardManagerTests/Pods-PinboardManagerTests.debug.xcconfig"; sourceTree = "<group>"; };
/* End PBXFileReference section */

/* Begin PBXFrameworksBuildPhase section */
		6FBBF69A226F62C7007DAB11 /* Frameworks */ = {
			isa = PBXFrameworksBuildPhase;
			buildActionMask = 2147483647;
			files = (
				830F785668F9E0C592623EE1 /* Pods_PinboardManager.framework in Frameworks */,
			);
			runOnlyForDeploymentPostprocessing = 0;
		};
		6FBBF6A3226F62C7007DAB11 /* Frameworks */ = {
			isa = PBXFrameworksBuildPhase;
			buildActionMask = 2147483647;
			files = (
				6FBBF6A7226F62C7007DAB11 /* PinboardManager.framework in Frameworks */,
				408BB3DBB4396E70722C1F84 /* Pods_PinboardManagerTests.framework in Frameworks */,
			);
			runOnlyForDeploymentPostprocessing = 0;
		};
/* End PBXFrameworksBuildPhase section */

/* Begin PBXGroup section */
		1E635F5E058B296F82F5A140 /* Frameworks */ = {
			isa = PBXGroup;
			children = (
				84B006EB89BA8A46ECFA719E /* Pods_PinboardManager.framework */,
				A03917A6E8CF8065B7CC539A /* Pods_PinboardManagerTests.framework */,
			);
			name = Frameworks;
			sourceTree = "<group>";
		};
		595C1EC8DD9FFFF8D33C70C9 /* Pods */ = {
			isa = PBXGroup;
			children = (
				2CEEF75582816D12CD17644C /* Pods-PinboardManager.debug.xcconfig */,
				369DD353F751F1B9ED2701C5 /* Pods-PinboardManager.release.xcconfig */,
				F4A4F744A0A6EDFF2DC1B8BC /* Pods-PinboardManagerTests.debug.xcconfig */,
				F20EDF90E243194FF5333090 /* Pods-PinboardManagerTests.release.xcconfig */,
			);
			path = Pods;
			sourceTree = "<group>";
		};
		6FBBF693226F62C7007DAB11 = {
			isa = PBXGroup;
			children = (
				6FBBF69F226F62C7007DAB11 /* PinboardManager */,
				6FBBF6AA226F62C7007DAB11 /* PinboardManagerTests */,
				6FBBF69E226F62C7007DAB11 /* Products */,
				595C1EC8DD9FFFF8D33C70C9 /* Pods */,
				1E635F5E058B296F82F5A140 /* Frameworks */,
			);
			sourceTree = "<group>";
		};
		6FBBF69E226F62C7007DAB11 /* Products */ = {
			isa = PBXGroup;
			children = (
				6FBBF69D226F62C7007DAB11 /* PinboardManager.framework */,
				6FBBF6A6226F62C7007DAB11 /* PinboardManagerTests.xctest */,
			);
			name = Products;
			sourceTree = "<group>";
		};
		6FBBF69F226F62C7007DAB11 /* PinboardManager */ = {
			isa = PBXGroup;
			children = (
				AC594D552271CD6200801E63 /* ViewModel */,
				6FBBF6CA2270D9F3007DAB11 /* network-libraries */,
				6FBBF6B7226F6641007DAB11 /* model */,
				6FBBF6A0226F62C7007DAB11 /* PinboardManager.h */,
				6FBBF6A1226F62C7007DAB11 /* Info.plist */,
			);
			path = PinboardManager;
			sourceTree = "<group>";
		};
		6FBBF6AA226F62C7007DAB11 /* PinboardManagerTests */ = {
			isa = PBXGroup;
			children = (
				6FBBF6AB226F62C7007DAB11 /* PinboardManagerTests.swift */,
				6FBBF6AD226F62C7007DAB11 /* Info.plist */,
			);
			path = PinboardManagerTests;
			sourceTree = "<group>";
		};
		6FBBF6B7226F6641007DAB11 /* model */ = {
			isa = PBXGroup;
			children = (
				6FBBF6B8226F66AA007DAB11 /* Categories.swift */,
				6FBBF6BB226F8450007DAB11 /* Links.swift */,
				6FBBF6BD226F8EB9007DAB11 /* Pin.swift */,
				6FBBF6C1226F8EF9007DAB11 /* ProfileImage.swift */,
				6FBBF6C4226F9BEA007DAB11 /* Urls.swift */,
				6FBBF6C7226FA48A007DAB11 /* User.swift */,
			);
			path = model;
			sourceTree = "<group>";
		};
		6FBBF6CA2270D9F3007DAB11 /* network-libraries */ = {
			isa = PBXGroup;
			children = (
				6FBBF6CB2270DB69007DAB11 /* DownloadManager.swift */,
				6FBBF6CE2270E6E1007DAB11 /* CacheManager.swift */,
			);
			path = "network-libraries";
			sourceTree = "<group>";
		};
		AC594D552271CD6200801E63 /* ViewModel */ = {
			isa = PBXGroup;
			children = (
				AC594D562271CDC500801E63 /* PinsViewModel.swift */,
			);
			path = ViewModel;
			sourceTree = "<group>";
		};
/* End PBXGroup section */

/* Begin PBXHeadersBuildPhase section */
		6FBBF698226F62C7007DAB11 /* Headers */ = {
			isa = PBXHeadersBuildPhase;
			buildActionMask = 2147483647;
			files = (
				6FBBF6AE226F62C7007DAB11 /* PinboardManager.h in Headers */,
			);
			runOnlyForDeploymentPostprocessing = 0;
		};
/* End PBXHeadersBuildPhase section */

/* Begin PBXNativeTarget section */
		6FBBF69C226F62C7007DAB11 /* PinboardManager */ = {
			isa = PBXNativeTarget;
			buildConfigurationList = 6FBBF6B1226F62C7007DAB11 /* Build configuration list for PBXNativeTarget "PinboardManager" */;
			buildPhases = (
				107D618B216F549C54873134 /* [CP] Check Pods Manifest.lock */,
				6FBBF698226F62C7007DAB11 /* Headers */,
				6FBBF699226F62C7007DAB11 /* Sources */,
				6FBBF69A226F62C7007DAB11 /* Frameworks */,
				6FBBF69B226F62C7007DAB11 /* Resources */,
			);
			buildRules = (
			);
			dependencies = (
			);
			name = PinboardManager;
			productName = PinboardManager;
			productReference = 6FBBF69D226F62C7007DAB11 /* PinboardManager.framework */;
			productType = "com.apple.product-type.framework";
		};
		6FBBF6A5226F62C7007DAB11 /* PinboardManagerTests */ = {
			isa = PBXNativeTarget;
			buildConfigurationList = 6FBBF6B4226F62C7007DAB11 /* Build configuration list for PBXNativeTarget "PinboardManagerTests" */;
			buildPhases = (
				5E235356911D6E520219C862 /* [CP] Check Pods Manifest.lock */,
				6FBBF6A2226F62C7007DAB11 /* Sources */,
				6FBBF6A3226F62C7007DAB11 /* Frameworks */,
				6FBBF6A4226F62C7007DAB11 /* Resources */,
			);
			buildRules = (
			);
			dependencies = (
				6FBBF6A9226F62C7007DAB11 /* PBXTargetDependency */,
			);
			name = PinboardManagerTests;
			productName = PinboardManagerTests;
			productReference = 6FBBF6A6226F62C7007DAB11 /* PinboardManagerTests.xctest */;
			productType = "com.apple.product-type.bundle.unit-test";
		};
/* End PBXNativeTarget section */

/* Begin PBXProject section */
		6FBBF694226F62C7007DAB11 /* Project object */ = {
			isa = PBXProject;
			attributes = {
				LastSwiftUpdateCheck = 1020;
				LastUpgradeCheck = 1020;
				ORGANIZATIONNAME = aayushm95;
				TargetAttributes = {
					6FBBF69C226F62C7007DAB11 = {
						CreatedOnToolsVersion = 10.2.1;
						LastSwiftMigration = 1020;
					};
					6FBBF6A5226F62C7007DAB11 = {
						CreatedOnToolsVersion = 10.2.1;
					};
					AC594D5E2271D7BB00801E63 = {
						CreatedOnToolsVersion = 10.2;
					};
				};
			};
			buildConfigurationList = 6FBBF697226F62C7007DAB11 /* Build configuration list for PBXProject "PinboardManager" */;
			compatibilityVersion = "Xcode 9.3";
			developmentRegion = en;
			hasScannedForEncodings = 0;
			knownRegions = (
				en,
			);
			mainGroup = 6FBBF693226F62C7007DAB11;
			productRefGroup = 6FBBF69E226F62C7007DAB11 /* Products */;
			projectDirPath = "";
			projectRoot = "";
			targets = (
				6FBBF69C226F62C7007DAB11 /* PinboardManager */,
				6FBBF6A5226F62C7007DAB11 /* PinboardManagerTests */,
				AC594D5E2271D7BB00801E63 /* PInBoardFramework */,
			);
		};
/* End PBXProject section */

/* Begin PBXResourcesBuildPhase section */
		6FBBF69B226F62C7007DAB11 /* Resources */ = {
			isa = PBXResourcesBuildPhase;
			buildActionMask = 2147483647;
			files = (
			);
			runOnlyForDeploymentPostprocessing = 0;
		};
		6FBBF6A4226F62C7007DAB11 /* Resources */ = {
			isa = PBXResourcesBuildPhase;
			buildActionMask = 2147483647;
			files = (
			);
			runOnlyForDeploymentPostprocessing = 0;
		};
/* End PBXResourcesBuildPhase section */

/* Begin PBXShellScriptBuildPhase section */
		107D618B216F549C54873134 /* [CP] Check Pods Manifest.lock */ = {
			isa = PBXShellScriptBuildPhase;
			buildActionMask = 2147483647;
			files = (
			);
			inputFileListPaths = (
			);
			inputPaths = (
				"${PODS_PODFILE_DIR_PATH}/Podfile.lock",
				"${PODS_ROOT}/Manifest.lock",
			);
			name = "[CP] Check Pods Manifest.lock";
			outputFileListPaths = (
			);
			outputPaths = (
				"$(DERIVED_FILE_DIR)/Pods-PinboardManager-checkManifestLockResult.txt",
			);
			runOnlyForDeploymentPostprocessing = 0;
			shellPath = /bin/sh;
			shellScript = "diff \"${PODS_PODFILE_DIR_PATH}/Podfile.lock\" \"${PODS_ROOT}/Manifest.lock\" > /dev/null\nif [ $? != 0 ] ; then\n    # print error to STDERR\n    echo \"error: The sandbox is not in sync with the Podfile.lock. Run 'pod install' or update your CocoaPods installation.\" >&2\n    exit 1\nfi\n# This output is used by Xcode 'outputs' to avoid re-running this script phase.\necho \"SUCCESS\" > \"${SCRIPT_OUTPUT_FILE_0}\"\n";
			showEnvVarsInLog = 0;
		};
		5E235356911D6E520219C862 /* [CP] Check Pods Manifest.lock */ = {
			isa = PBXShellScriptBuildPhase;
			buildActionMask = 2147483647;
			files = (
			);
			inputFileListPaths = (
			);
			inputPaths = (
				"${PODS_PODFILE_DIR_PATH}/Podfile.lock",
				"${PODS_ROOT}/Manifest.lock",
			);
			name = "[CP] Check Pods Manifest.lock";
			outputFileListPaths = (
			);
			outputPaths = (
				"$(DERIVED_FILE_DIR)/Pods-PinboardManagerTests-checkManifestLockResult.txt",
			);
			runOnlyForDeploymentPostprocessing = 0;
			shellPath = /bin/sh;
			shellScript = "diff \"${PODS_PODFILE_DIR_PATH}/Podfile.lock\" \"${PODS_ROOT}/Manifest.lock\" > /dev/null\nif [ $? != 0 ] ; then\n    # print error to STDERR\n    echo \"error: The sandbox is not in sync with the Podfile.lock. Run 'pod install' or update your CocoaPods installation.\" >&2\n    exit 1\nfi\n# This output is used by Xcode 'outputs' to avoid re-running this script phase.\necho \"SUCCESS\" > \"${SCRIPT_OUTPUT_FILE_0}\"\n";
			showEnvVarsInLog = 0;
		};
		AC594D622271D7C400801E63 /* ShellScript */ = {
			isa = PBXShellScriptBuildPhase;
			buildActionMask = 2147483647;
			files = (
			);
			inputFileListPaths = (
			);
			inputPaths = (
			);
			outputFileListPaths = (
			);
			outputPaths = (
			);
			runOnlyForDeploymentPostprocessing = 0;
			shellPath = /bin/sh;
			shellScript = "# Type a script or drag a script file from your workspace to insert its path.\nUNIVERSAL_OUTPUTFOLDER=${BUILD_DIR}/${CONFIGURATION}-universal\n\n# make sure the output directory exists\nmkdir -p \"${UNIVERSAL_OUTPUTFOLDER}\"\n\n# Step 1. Build Device and Simulator versions\nxcodebuild -target \"${PROJECT_NAME}\" ONLY_ACTIVE_ARCH=NO -configuration ${CONFIGURATION} -sdk iphoneos  BUILD_DIR=\"${BUILD_DIR}\" BUILD_ROOT=\"${BUILD_ROOT}\" clean build\nxcodebuild -target \"${PROJECT_NAME}\" -configuration ${CONFIGURATION} -sdk iphonesimulator ONLY_ACTIVE_ARCH=NO BUILD_DIR=\"${BUILD_DIR}\" BUILD_ROOT=\"${BUILD_ROOT}\" clean build\n\n# Step 2. Copy the framework structure (from iphoneos build) to the universal folder\ncp -R \"${BUILD_DIR}/${CONFIGURATION}-iphoneos/${PROJECT_NAME}.framework\" \"${UNIVERSAL_OUTPUTFOLDER}/\"\n\n# Step 3. Copy Swift modules from iphonesimulator build (if it exists) to the copied framework directory\nSIMULATOR_SWIFT_MODULES_DIR=\"${BUILD_DIR}/${CONFIGURATION}-iphonesimulator/${PROJECT_NAME}.framework/Modules/${PROJECT_NAME}.swiftmodule/.\"\nif [ -d \"${SIMULATOR_SWIFT_MODULES_DIR}\" ]; then\ncp -R \"${SIMULATOR_SWIFT_MODULES_DIR}\" \"${UNIVERSAL_OUTPUTFOLDER}/${PROJECT_NAME}.framework/Modules/${PROJECT_NAME}.swiftmodule\"\nfi\n\n# Step 4. Create universal binary file using lipo and place the combined executable in the copied framework directory\nlipo -create -output \"${UNIVERSAL_OUTPUTFOLDER}/${PROJECT_NAME}.framework/${PROJECT_NAME}\" \"${BUILD_DIR}/${CONFIGURATION}-iphonesimulator/${PROJECT_NAME}.framework/${PROJECT_NAME}\" \"${BUILD_DIR}/${CONFIGURATION}-iphoneos/${PROJECT_NAME}.framework/${PROJECT_NAME}\"\n\n# Step 5. Convenience step to copy the framework to the project's directory\ncp -R \"${UNIVERSAL_OUTPUTFOLDER}/${PROJECT_NAME}.framework\" \"${PROJECT_DIR}\"\n\n# Step 6. Convenience step to open the project's directory in Finder\nopen \"${PROJECT_DIR}\"\n";
		};
/* End PBXShellScriptBuildPhase section */

/* Begin PBXSourcesBuildPhase section */
		6FBBF699226F62C7007DAB11 /* Sources */ = {
			isa = PBXSourcesBuildPhase;
			buildActionMask = 2147483647;
			files = (
				6FBBF6BE226F8EB9007DAB11 /* Pin.swift in Sources */,
				6FBBF6C2226F8EF9007DAB11 /* ProfileImage.swift in Sources */,
				6FBBF6C8226FA48A007DAB11 /* User.swift in Sources */,
				AC594D572271CDC500801E63 /* PinsViewModel.swift in Sources */,
				6FBBF6B9226F66AA007DAB11 /* Categories.swift in Sources */,
				6FBBF6CF2270E6E1007DAB11 /* CacheManager.swift in Sources */,
				6FBBF6BC226F8450007DAB11 /* Links.swift in Sources */,
				6FBBF6C5226F9BEA007DAB11 /* Urls.swift in Sources */,
				6FBBF6CC2270DB69007DAB11 /* DownloadManager.swift in Sources */,
			);
			runOnlyForDeploymentPostprocessing = 0;
		};
		6FBBF6A2226F62C7007DAB11 /* Sources */ = {
			isa = PBXSourcesBuildPhase;
			buildActionMask = 2147483647;
			files = (
				6FBBF6BF226F8EB9007DAB11 /* Pin.swift in Sources */,
				6FBBF6D02270E6E1007DAB11 /* CacheManager.swift in Sources */,
				6FBBF6AC226F62C7007DAB11 /* PinboardManagerTests.swift in Sources */,
				6FBBF6BA226F66AA007DAB11 /* Categories.swift in Sources */,
				6FBBF6CD2270DB69007DAB11 /* DownloadManager.swift in Sources */,
				6FBBF6C6226F9BEA007DAB11 /* Urls.swift in Sources */,
				6FBBF6C3226F8EF9007DAB11 /* ProfileImage.swift in Sources */,
				6FBBF6C0226F8EBE007DAB11 /* Links.swift in Sources */,
				AC594D582271CDC500801E63 /* PinsViewModel.swift in Sources */,
				6FBBF6C9226FA48A007DAB11 /* User.swift in Sources */,
			);
			runOnlyForDeploymentPostprocessing = 0;
		};
/* End PBXSourcesBuildPhase section */

/* Begin PBXTargetDependency section */
		6FBBF6A9226F62C7007DAB11 /* PBXTargetDependency */ = {
			isa = PBXTargetDependency;
			target = 6FBBF69C226F62C7007DAB11 /* PinboardManager */;
			targetProxy = 6FBBF6A8226F62C7007DAB11 /* PBXContainerItemProxy */;
		};
/* End PBXTargetDependency section */

/* Begin XCBuildConfiguration section */
		6FBBF6AF226F62C7007DAB11 /* Debug */ = {
			isa = XCBuildConfiguration;
			buildSettings = {
				ALWAYS_SEARCH_USER_PATHS = NO;
				CLANG_ANALYZER_NONNULL = YES;
				CLANG_ANALYZER_NUMBER_OBJECT_CONVERSION = YES_AGGRESSIVE;
				CLANG_CXX_LANGUAGE_STANDARD = "gnu++14";
				CLANG_CXX_LIBRARY = "libc++";
				CLANG_ENABLE_MODULES = YES;
				CLANG_ENABLE_OBJC_ARC = YES;
				CLANG_ENABLE_OBJC_WEAK = YES;
				CLANG_WARN_BLOCK_CAPTURE_AUTORELEASING = YES;
				CLANG_WARN_BOOL_CONVERSION = YES;
				CLANG_WARN_COMMA = YES;
				CLANG_WARN_CONSTANT_CONVERSION = YES;
				CLANG_WARN_DEPRECATED_OBJC_IMPLEMENTATIONS = YES;
				CLANG_WARN_DIRECT_OBJC_ISA_USAGE = YES_ERROR;
				CLANG_WARN_DOCUMENTATION_COMMENTS = YES;
				CLANG_WARN_EMPTY_BODY = YES;
				CLANG_WARN_ENUM_CONVERSION = YES;
				CLANG_WARN_INFINITE_RECURSION = YES;
				CLANG_WARN_INT_CONVERSION = YES;
				CLANG_WARN_NON_LITERAL_NULL_CONVERSION = YES;
				CLANG_WARN_OBJC_IMPLICIT_RETAIN_SELF = YES;
				CLANG_WARN_OBJC_LITERAL_CONVERSION = YES;
				CLANG_WARN_OBJC_ROOT_CLASS = YES_ERROR;
				CLANG_WARN_RANGE_LOOP_ANALYSIS = YES;
				CLANG_WARN_STRICT_PROTOTYPES = YES;
				CLANG_WARN_SUSPICIOUS_MOVE = YES;
				CLANG_WARN_UNGUARDED_AVAILABILITY = YES_AGGRESSIVE;
				CLANG_WARN_UNREACHABLE_CODE = YES;
				CLANG_WARN__DUPLICATE_METHOD_MATCH = YES;
				CODE_SIGN_IDENTITY = "iPhone Developer";
				COPY_PHASE_STRIP = NO;
				CURRENT_PROJECT_VERSION = 1;
				DEBUG_INFORMATION_FORMAT = dwarf;
				ENABLE_STRICT_OBJC_MSGSEND = YES;
				ENABLE_TESTABILITY = YES;
				GCC_C_LANGUAGE_STANDARD = gnu11;
				GCC_DYNAMIC_NO_PIC = NO;
				GCC_NO_COMMON_BLOCKS = YES;
				GCC_OPTIMIZATION_LEVEL = 0;
				GCC_PREPROCESSOR_DEFINITIONS = (
					"DEBUG=1",
					"$(inherited)",
				);
				GCC_WARN_64_TO_32_BIT_CONVERSION = YES;
				GCC_WARN_ABOUT_RETURN_TYPE = YES_ERROR;
				GCC_WARN_UNDECLARED_SELECTOR = YES;
				GCC_WARN_UNINITIALIZED_AUTOS = YES_AGGRESSIVE;
				GCC_WARN_UNUSED_FUNCTION = YES;
				GCC_WARN_UNUSED_VARIABLE = YES;
				IPHONEOS_DEPLOYMENT_TARGET = 12.2;
				MTL_ENABLE_DEBUG_INFO = INCLUDE_SOURCE;
				MTL_FAST_MATH = YES;
				ONLY_ACTIVE_ARCH = YES;
				SDKROOT = iphoneos;
				SWIFT_ACTIVE_COMPILATION_CONDITIONS = DEBUG;
				SWIFT_OPTIMIZATION_LEVEL = "-Onone";
				VERSIONING_SYSTEM = "apple-generic";
				VERSION_INFO_PREFIX = "";
			};
			name = Debug;
		};
		6FBBF6B0226F62C7007DAB11 /* Release */ = {
			isa = XCBuildConfiguration;
			buildSettings = {
				ALWAYS_SEARCH_USER_PATHS = NO;
				CLANG_ANALYZER_NONNULL = YES;
				CLANG_ANALYZER_NUMBER_OBJECT_CONVERSION = YES_AGGRESSIVE;
				CLANG_CXX_LANGUAGE_STANDARD = "gnu++14";
				CLANG_CXX_LIBRARY = "libc++";
				CLANG_ENABLE_MODULES = YES;
				CLANG_ENABLE_OBJC_ARC = YES;
				CLANG_ENABLE_OBJC_WEAK = YES;
				CLANG_WARN_BLOCK_CAPTURE_AUTORELEASING = YES;
				CLANG_WARN_BOOL_CONVERSION = YES;
				CLANG_WARN_COMMA = YES;
				CLANG_WARN_CONSTANT_CONVERSION = YES;
				CLANG_WARN_DEPRECATED_OBJC_IMPLEMENTATIONS = YES;
				CLANG_WARN_DIRECT_OBJC_ISA_USAGE = YES_ERROR;
				CLANG_WARN_DOCUMENTATION_COMMENTS = YES;
				CLANG_WARN_EMPTY_BODY = YES;
				CLANG_WARN_ENUM_CONVERSION = YES;
				CLANG_WARN_INFINITE_RECURSION = YES;
				CLANG_WARN_INT_CONVERSION = YES;
				CLANG_WARN_NON_LITERAL_NULL_CONVERSION = YES;
				CLANG_WARN_OBJC_IMPLICIT_RETAIN_SELF = YES;
				CLANG_WARN_OBJC_LITERAL_CONVERSION = YES;
				CLANG_WARN_OBJC_ROOT_CLASS = YES_ERROR;
				CLANG_WARN_RANGE_LOOP_ANALYSIS = YES;
				CLANG_WARN_STRICT_PROTOTYPES = YES;
				CLANG_WARN_SUSPICIOUS_MOVE = YES;
				CLANG_WARN_UNGUARDED_AVAILABILITY = YES_AGGRESSIVE;
				CLANG_WARN_UNREACHABLE_CODE = YES;
				CLANG_WARN__DUPLICATE_METHOD_MATCH = YES;
				CODE_SIGN_IDENTITY = "iPhone Developer";
				COPY_PHASE_STRIP = NO;
				CURRENT_PROJECT_VERSION = 1;
				DEBUG_INFORMATION_FORMAT = "dwarf-with-dsym";
				ENABLE_NS_ASSERTIONS = NO;
				ENABLE_STRICT_OBJC_MSGSEND = YES;
				GCC_C_LANGUAGE_STANDARD = gnu11;
				GCC_NO_COMMON_BLOCKS = YES;
				GCC_WARN_64_TO_32_BIT_CONVERSION = YES;
				GCC_WARN_ABOUT_RETURN_TYPE = YES_ERROR;
				GCC_WARN_UNDECLARED_SELECTOR = YES;
				GCC_WARN_UNINITIALIZED_AUTOS = YES_AGGRESSIVE;
				GCC_WARN_UNUSED_FUNCTION = YES;
				GCC_WARN_UNUSED_VARIABLE = YES;
				IPHONEOS_DEPLOYMENT_TARGET = 12.2;
				MTL_ENABLE_DEBUG_INFO = NO;
				MTL_FAST_MATH = YES;
				SDKROOT = iphoneos;
				SWIFT_COMPILATION_MODE = wholemodule;
				SWIFT_OPTIMIZATION_LEVEL = "-O";
				VALIDATE_PRODUCT = YES;
				VERSIONING_SYSTEM = "apple-generic";
				VERSION_INFO_PREFIX = "";
			};
			name = Release;
		};
		6FBBF6B2226F62C7007DAB11 /* Debug */ = {
			isa = XCBuildConfiguration;
			baseConfigurationReference = 2CEEF75582816D12CD17644C /* Pods-PinboardManager.debug.xcconfig */;
			buildSettings = {
				CLANG_ENABLE_MODULES = YES;
				CODE_SIGN_IDENTITY = "";
				CODE_SIGN_STYLE = Automatic;
				DEFINES_MODULE = YES;
				DYLIB_COMPATIBILITY_VERSION = 1;
				DYLIB_CURRENT_VERSION = 1;
				DYLIB_INSTALL_NAME_BASE = "@rpath";
				INFOPLIST_FILE = PinboardManager/Info.plist;
				INSTALL_PATH = "$(LOCAL_LIBRARY_DIR)/Frameworks";
				LD_RUNPATH_SEARCH_PATHS = (
					"$(inherited)",
					"@executable_path/Frameworks",
					"@loader_path/Frameworks",
				);
				PRODUCT_BUNDLE_IDENTIFIER = com.aayushm95.PinboardManager;
				PRODUCT_NAME = "$(TARGET_NAME:c99extidentifier)";
				SKIP_INSTALL = YES;
				SWIFT_OPTIMIZATION_LEVEL = "-Onone";
				SWIFT_VERSION = 5.0;
				TARGETED_DEVICE_FAMILY = "1,2";
			};
			name = Debug;
		};
		6FBBF6B3226F62C7007DAB11 /* Release */ = {
			isa = XCBuildConfiguration;
			baseConfigurationReference = 369DD353F751F1B9ED2701C5 /* Pods-PinboardManager.release.xcconfig */;
			buildSettings = {
				CLANG_ENABLE_MODULES = YES;
				CODE_SIGN_IDENTITY = "";
				CODE_SIGN_STYLE = Automatic;
				DEFINES_MODULE = YES;
				DYLIB_COMPATIBILITY_VERSION = 1;
				DYLIB_CURRENT_VERSION = 1;
				DYLIB_INSTALL_NAME_BASE = "@rpath";
				INFOPLIST_FILE = PinboardManager/Info.plist;
				INSTALL_PATH = "$(LOCAL_LIBRARY_DIR)/Frameworks";
				LD_RUNPATH_SEARCH_PATHS = (
					"$(inherited)",
					"@executable_path/Frameworks",
					"@loader_path/Frameworks",
				);
				PRODUCT_BUNDLE_IDENTIFIER = com.aayushm95.PinboardManager;
				PRODUCT_NAME = "$(TARGET_NAME:c99extidentifier)";
				SKIP_INSTALL = YES;
				SWIFT_VERSION = 5.0;
				TARGETED_DEVICE_FAMILY = "1,2";
			};
			name = Release;
		};
		6FBBF6B5226F62C7007DAB11 /* Debug */ = {
			isa = XCBuildConfiguration;
			baseConfigurationReference = F4A4F744A0A6EDFF2DC1B8BC /* Pods-PinboardManagerTests.debug.xcconfig */;
			buildSettings = {
				ALWAYS_EMBED_SWIFT_STANDARD_LIBRARIES = YES;
				CODE_SIGN_STYLE = Automatic;
				INFOPLIST_FILE = PinboardManagerTests/Info.plist;
				LD_RUNPATH_SEARCH_PATHS = (
					"$(inherited)",
					"@executable_path/Frameworks",
					"@loader_path/Frameworks",
				);
				PRODUCT_BUNDLE_IDENTIFIER = com.aayushm95.PinboardManagerTests;
				PRODUCT_NAME = "$(TARGET_NAME)";
				SWIFT_VERSION = 5.0;
				TARGETED_DEVICE_FAMILY = "1,2";
			};
			name = Debug;
		};
		6FBBF6B6226F62C7007DAB11 /* Release */ = {
			isa = XCBuildConfiguration;
			baseConfigurationReference = F20EDF90E243194FF5333090 /* Pods-PinboardManagerTests.release.xcconfig */;
			buildSettings = {
				ALWAYS_EMBED_SWIFT_STANDARD_LIBRARIES = YES;
				CODE_SIGN_STYLE = Automatic;
				INFOPLIST_FILE = PinboardManagerTests/Info.plist;
				LD_RUNPATH_SEARCH_PATHS = (
					"$(inherited)",
					"@executable_path/Frameworks",
					"@loader_path/Frameworks",
				);
				PRODUCT_BUNDLE_IDENTIFIER = com.aayushm95.PinboardManagerTests;
				PRODUCT_NAME = "$(TARGET_NAME)";
				SWIFT_VERSION = 5.0;
				TARGETED_DEVICE_FAMILY = "1,2";
			};
			name = Release;
		};
		AC594D602271D7BC00801E63 /* Debug */ = {
			isa = XCBuildConfiguration;
			buildSettings = {
				CODE_SIGN_STYLE = Automatic;
				PRODUCT_NAME = "$(TARGET_NAME)";
			};
			name = Debug;
		};
		AC594D612271D7BC00801E63 /* Release */ = {
			isa = XCBuildConfiguration;
			buildSettings = {
				CODE_SIGN_STYLE = Automatic;
				PRODUCT_NAME = "$(TARGET_NAME)";
			};
			name = Release;
		};
/* End XCBuildConfiguration section */

/* Begin XCConfigurationList section */
		6FBBF697226F62C7007DAB11 /* Build configuration list for PBXProject "PinboardManager" */ = {
			isa = XCConfigurationList;
			buildConfigurations = (
				6FBBF6AF226F62C7007DAB11 /* Debug */,
				6FBBF6B0226F62C7007DAB11 /* Release */,
			);
			defaultConfigurationIsVisible = 0;
			defaultConfigurationName = Release;
		};
		6FBBF6B1226F62C7007DAB11 /* Build configuration list for PBXNativeTarget "PinboardManager" */ = {
			isa = XCConfigurationList;
			buildConfigurations = (
				6FBBF6B2226F62C7007DAB11 /* Debug */,
				6FBBF6B3226F62C7007DAB11 /* Release */,
			);
			defaultConfigurationIsVisible = 0;
			defaultConfigurationName = Release;
		};
		6FBBF6B4226F62C7007DAB11 /* Build configuration list for PBXNativeTarget "PinboardManagerTests" */ = {
			isa = XCConfigurationList;
			buildConfigurations = (
				6FBBF6B5226F62C7007DAB11 /* Debug */,
				6FBBF6B6226F62C7007DAB11 /* Release */,
			);
			defaultConfigurationIsVisible = 0;
			defaultConfigurationName = Release;
		};
		AC594D5F2271D7BC00801E63 /* Build configuration list for PBXAggregateTarget "PInBoardFramework" */ = {
			isa = XCConfigurationList;
			buildConfigurations = (
				AC594D602271D7BC00801E63 /* Debug */,
				AC594D612271D7BC00801E63 /* Release */,
			);
			defaultConfigurationIsVisible = 0;
			defaultConfigurationName = Release;
		};
/* End XCConfigurationList section */
	};
	rootObject = 6FBBF694226F62C7007DAB11 /* Project object */;
}
